
Microsoft Visual Studio Solution File, Format Version 12.00
# Visual Studio Version 16
VisualStudioVersion = 16.0.810.19
MinimumVisualStudioVersion = 10.0.40219.1
Project("{FAE04EC0-301F-11D3-BF4B-00C04F79EFBC}") = "AdminWebAPI", "AdminWebApp\AdminWebAPI.csproj", "{BCF15685-5A8C-42FB-9FDC-A9CA8B958372}"
EndProject
Global
	GlobalSection(SolutionConfigurationPlatforms) = preSolution
		Debug|Any CPU = Debug|Any CPU
		Release|Any CPU = Release|Any CPU
	EndGlobalSection
	GlobalSection(ProjectConfigurationPlatforms) = postSolution
		{BCF15685-5A8C-42FB-9FDC-A9CA8B958372}.Debug|Any CPU.ActiveCfg = Debug|Any CPU
		{BCF15685-5A8C-42FB-9FDC-A9CA8B958372}.Debug|Any CPU.Build.0 = Debug|Any CPU
		{BCF15685-5A8C-42FB-9FDC-A9CA8B958372}.Release|Any CPU.ActiveCfg = Release|Any CPU
		{BCF15685-5A8C-42FB-9FDC-A9CA8B958372}.Release|Any CPU.Build.0 = Release|Any CPU
	EndGlobalSection
	GlobalSection(SolutionProperties) = preSolution
		HideSolutionNode = FALSE
	EndGlobalSection
	GlobalSection(ExtensibilityGlobals) = postSolution
		SolutionGuid = {9EFD749A-6F5F-4DB3-889A-807C19CA2A96}
	EndGlobalSection
EndGlobal
